
Microsoft Visual Studio Solution File, Format Version 12.00
# Visual Studio Version 17
VisualStudioVersion = 17.13.35806.99 d17.13
MinimumVisualStudioVersion = 10.0.40219.1
Project("{FAE04EC0-301F-11D3-BF4B-00C04F79EFBC}") = "organizer application", "organizer application\organizer application.csproj", "{45F84C09-ECE4-491B-8575-F434284BC37E}"
EndProject
Global
	GlobalSection(SolutionConfigurationPlatforms) = preSolution
		Debug|Any CPU = Debug|Any CPU
		Release|Any CPU = Release|Any CPU
	EndGlobalSection
	GlobalSection(ProjectConfigurationPlatforms) = postSolution
		{45F84C09-ECE4-491B-8575-F434284BC37E}.Debug|Any CPU.ActiveCfg = Debug|Any CPU
		{45F84C09-ECE4-491B-8575-F434284BC37E}.Debug|Any CPU.Build.0 = Debug|Any CPU
		{45F84C09-ECE4-491B-8575-F434284BC37E}.Release|Any CPU.ActiveCfg = Release|Any CPU
		{45F84C09-ECE4-491B-8575-F434284BC37E}.Release|Any CPU.Build.0 = Release|Any CPU
	EndGlobalSection
	GlobalSection(SolutionProperties) = preSolution
		HideSolutionNode = FALSE
	EndGlobalSection
	GlobalSection(ExtensibilityGlobals) = postSolution
		SolutionGuid = {D67A8710-1F6F-4A1D-AE8A-D9E12CC6A9F7}
	EndGlobalSection
EndGlobal
